
Microsoft Visual Studio Solution File, Format Version 12.00
# Visual Studio Version 16
VisualStudioVersion = 25.0.1706.14
MinimumVisualStudioVersion = 10.0.40219.1
Project("{FAE04EC0-301F-11D3-BF4B-00C04F79EFBC}") = "TestWebApi", "WebTestApi\TestWebApi.csproj", "{880E765E-B614-4DA6-A3BF-9EB4D92120E4}"
EndProject
Project("{FAE04EC0-301F-11D3-BF4B-00C04F79EFBC}") = "Test.Api", "Test.Api\Test.Api.csproj", "{74C9A78A-F879-4536-9FF8-5F2E146A0247}"
EndProject
Project("{FAE04EC0-301F-11D3-BF4B-00C04F79EFBC}") = "Test.Entity", "Test.Entity\Test.Entity.csproj", "{0F480933-BB2D-49DF-9724-8CF3AECC9680}"
EndProject
Project("{FAE04EC0-301F-11D3-BF4B-00C04F79EFBC}") = "Test.AppService", "Test.AppService\Test.AppService.csproj", "{85E25393-7F70-4692-ADEB-2AB45B491190}"
EndProject
Project("{FAE04EC0-301F-11D3-BF4B-00C04F79EFBC}") = "Test.Repository", "Test.Repository\Test.Repository.csproj", "{B106B4E0-A311-4FA9-95FF-B078225D4E5C}"
EndProject
Project("{FAE04EC0-301F-11D3-BF4B-00C04F79EFBC}") = "Tester", "Tester\Tester.csproj", "{AAF8CF43-52AB-42A8-B56E-5E8809B25ACD}"
EndProject
Global
	GlobalSection(SolutionConfigurationPlatforms) = preSolution
		Debug|Any CPU = Debug|Any CPU
		Release|Any CPU = Release|Any CPU
	EndGlobalSection
	GlobalSection(ProjectConfigurationPlatforms) = postSolution
		{880E765E-B614-4DA6-A3BF-9EB4D92120E4}.Debug|Any CPU.ActiveCfg = Debug|Any CPU
		{880E765E-B614-4DA6-A3BF-9EB4D92120E4}.Debug|Any CPU.Build.0 = Debug|Any CPU
		{880E765E-B614-4DA6-A3BF-9EB4D92120E4}.Release|Any CPU.ActiveCfg = Release|Any CPU
		{880E765E-B614-4DA6-A3BF-9EB4D92120E4}.Release|Any CPU.Build.0 = Release|Any CPU
		{74C9A78A-F879-4536-9FF8-5F2E146A0247}.Debug|Any CPU.ActiveCfg = Debug|Any CPU
		{74C9A78A-F879-4536-9FF8-5F2E146A0247}.Debug|Any CPU.Build.0 = Debug|Any CPU
		{74C9A78A-F879-4536-9FF8-5F2E146A0247}.Release|Any CPU.ActiveCfg = Release|Any CPU
		{74C9A78A-F879-4536-9FF8-5F2E146A0247}.Release|Any CPU.Build.0 = Release|Any CPU
		{0F480933-BB2D-49DF-9724-8CF3AECC9680}.Debug|Any CPU.ActiveCfg = Debug|Any CPU
		{0F480933-BB2D-49DF-9724-8CF3AECC9680}.Debug|Any CPU.Build.0 = Debug|Any CPU
		{0F480933-BB2D-49DF-9724-8CF3AECC9680}.Release|Any CPU.ActiveCfg = Release|Any CPU
		{0F480933-BB2D-49DF-9724-8CF3AECC9680}.Release|Any CPU.Build.0 = Release|Any CPU
		{85E25393-7F70-4692-ADEB-2AB45B491190}.Debug|Any CPU.ActiveCfg = Debug|Any CPU
		{85E25393-7F70-4692-ADEB-2AB45B491190}.Debug|Any CPU.Build.0 = Debug|Any CPU
		{85E25393-7F70-4692-ADEB-2AB45B491190}.Release|Any CPU.ActiveCfg = Release|Any CPU
		{85E25393-7F70-4692-ADEB-2AB45B491190}.Release|Any CPU.Build.0 = Release|Any CPU
		{B106B4E0-A311-4FA9-95FF-B078225D4E5C}.Debug|Any CPU.ActiveCfg = Debug|Any CPU
		{B106B4E0-A311-4FA9-95FF-B078225D4E5C}.Debug|Any CPU.Build.0 = Debug|Any CPU
		{B106B4E0-A311-4FA9-95FF-B078225D4E5C}.Release|Any CPU.ActiveCfg = Release|Any CPU
		{B106B4E0-A311-4FA9-95FF-B078225D4E5C}.Release|Any CPU.Build.0 = Release|Any CPU
		{AAF8CF43-52AB-42A8-B56E-5E8809B25ACD}.Debug|Any CPU.ActiveCfg = Debug|Any CPU
		{AAF8CF43-52AB-42A8-B56E-5E8809B25ACD}.Debug|Any CPU.Build.0 = Debug|Any CPU
		{AAF8CF43-52AB-42A8-B56E-5E8809B25ACD}.Release|Any CPU.ActiveCfg = Release|Any CPU
		{AAF8CF43-52AB-42A8-B56E-5E8809B25ACD}.Release|Any CPU.Build.0 = Release|Any CPU
	EndGlobalSection
	GlobalSection(SolutionProperties) = preSolution
		HideSolutionNode = FALSE
	EndGlobalSection
	GlobalSection(ExtensibilityGlobals) = postSolution
		SolutionGuid = {6CDE9EDB-7392-49B8-913C-8E1808247CB7}
	EndGlobalSection
EndGlobal
